<?xml version="1.0" encoding="utf-8"?>
<Project ToolsVersion="4.0" xmlns="http://schemas.microsoft.com/developer/msbuild/2003">
  <ItemGroup>
    <Filter Include="main">
      <UniqueIdentifier>{4FC737F1-C7A5-4376-A066-2A32D752A2FF}</UniqueIdentifier>
      <Extensions>cpp;c;cc;cxx;def;odl;idl;hpj;bat;asm;asmx</Extensions>
    </Filter>
    <Filter Include="system">
      <UniqueIdentifier>{93995380-89BD-4b04-88EB-625FBE52EBFB}</UniqueIdentifier>
      <Extensions>h;hh;hpp;hxx;hm;inl;inc;xsd</Extensions>
    </Filter>
    <Filter Include="vehicle">
      <UniqueIdentifier>{4186ee52-7a57-4b53-adf5-796fa65592fe}</UniqueIdentifier>
    </Filter>
    <Filter Include="ATO">
      <UniqueIdentifier>{fa5d61b5-93f7-4c44-ab02-5167e5804d1c}</UniqueIdentifier>
    </Filter>
    <Filter Include="ATO\NewFilter3">
      <UniqueIdentifier>{fe0aa4dd-ffe1-4a45-a836-f41b7eca753d}</UniqueIdentifier>
    </Filter>
    <Filter Include="ATO\ATO">
      <UniqueIdentifier>{8445c2f8-e953-4934-a330-83ce75b73cb4}</UniqueIdentifier>
    </Filter>
    <Filter Include="ATO\TASC">
      <UniqueIdentifier>{2fd5c4e2-563f-4d52-bc8a-c6d8b4850cc2}</UniqueIdentifier>
    </Filter>
  </ItemGroup>
  <ItemGroup>
    <ClInclude Include="source\ats_define.hpp">
      <Filter>main</Filter>
    </ClInclude>
    <ClInclude Include="source\dllmain.hpp">
      <Filter>main</Filter>
    </ClInclude>
    <ClInclude Include="source\utility.hpp">
      <Filter>main</Filter>
    </ClInclude>
    <ClInclude Include="source\system\bus.hpp">
      <Filter>system</Filter>
    </ClInclude>
    <ClInclude Include="source\system\environment.hpp">
      <Filter>system</Filter>
    </ClInclude>
    <ClInclude Include="source\vehicle\vehicle.hpp">
      <Filter>vehicle</Filter>
    </ClInclude>
    <ClInclude Include="source\vehicle\wiring.hpp">
      <Filter>vehicle</Filter>
    </ClInclude>
    <ClInclude Include="source\ATO\ATO\ATO.h">
      <Filter>ATO\ATO</Filter>
    </ClInclude>
    <ClInclude Include="source\ATO\TASC\TASC.h">
      <Filter>ATO\TASC</Filter>
    </ClInclude>
    <ClInclude Include="source\ATO\header\define.h">
      <Filter>ATO</Filter>
    </ClInclude>
    <ClInclude Include="source\ATO\header\Header.h">
      <Filter>ATO</Filter>
    </ClInclude>
    <ClInclude Include="framework.h">
      <Filter>main</Filter>
    </ClInclude>
  </ItemGroup>
  <ItemGroup>
    <ClCompile Include="source\dllmain.cpp">
      <Filter>main</Filter>
    </ClCompile>
    <ClCompile Include="source\system\environment.cpp">
      <Filter>system</Filter>
    </ClCompile>
    <ClCompile Include="source\vehicle\vehicle.cpp">
      <Filter>vehicle</Filter>
    </ClCompile>
    <ClCompile Include="source\ATO\ATO\ATO.cpp">
      <Filter>ATO\ATO</Filter>
    </ClCompile>
    <ClCompile Include="source\ATO\TASC\TASC.cpp">
      <Filter>ATO\TASC</Filter>
    </ClCompile>
    <ClCompile Include="source\ATO\source\Function.cpp">
      <Filter>ATO</Filter>
    </ClCompile>
    <ClCompile Include="source\ATO\source\Source.cpp">
      <Filter>ATO</Filter>
    </ClCompile>
  </ItemGroup>
  <ItemGroup>
    <None Include="exports.def">
      <Filter>main</Filter>
    </None>
  </ItemGroup>
</Project>