<?xml version="1.0" encoding="utf-8"?>
<Project ToolsVersion="4.0" xmlns="http://schemas.microsoft.com/developer/msbuild/2003">
  <ItemGroup>
    <Filter Include="main">
      <UniqueIdentifier>{4FC737F1-C7A5-4376-A066-2A32D752A2FF}</UniqueIdentifier>
      <Extensions>cpp;c;cc;cxx;def;odl;idl;hpj;bat;asm;asmx</Extensions>
    </Filter>
    <Filter Include="ATO">
      <UniqueIdentifier>{fa5d61b5-93f7-4c44-ab02-5167e5804d1c}</UniqueIdentifier>
    </Filter>
    <Filter Include="ATO\ATO">
      <UniqueIdentifier>{8445c2f8-e953-4934-a330-83ce75b73cb4}</UniqueIdentifier>
    </Filter>
    <Filter Include="ATO\TASC">
      <UniqueIdentifier>{2fd5c4e2-563f-4d52-bc8a-c6d8b4850cc2}</UniqueIdentifier>
    </Filter>
  </ItemGroup>
  <ItemGroup>
    <ClInclude Include="source\dllmain.hpp">
      <Filter>main</Filter>
    </ClInclude>
    <ClInclude Include="source\ATO\ATO\ATO.h">
      <Filter>ATO\ATO</Filter>
    </ClInclude>
    <ClInclude Include="source\ATO\TASC\TASC.h">
      <Filter>ATO\TASC</Filter>
    </ClInclude>
    <ClInclude Include="source\ATO\header\define.h">
      <Filter>ATO</Filter>
    </ClInclude>
    <ClInclude Include="source\ATO\header\Header.h">
      <Filter>ATO</Filter>
    </ClInclude>
    <ClInclude Include="source\ATO\header\ats.h">
      <Filter>ATO</Filter>
    </ClInclude>
  </ItemGroup>
  <ItemGroup>
    <ClCompile Include="source\dllmain.cpp">
      <Filter>main</Filter>
    </ClCompile>
    <ClCompile Include="source\ATO\ATO\ATO.cpp">
      <Filter>ATO\ATO</Filter>
    </ClCompile>
    <ClCompile Include="source\ATO\TASC\TASC.cpp">
      <Filter>ATO\TASC</Filter>
    </ClCompile>
    <ClCompile Include="source\ATO\source\Function.cpp">
      <Filter>ATO</Filter>
    </ClCompile>
    <ClCompile Include="source\ATO\source\Source.cpp">
      <Filter>ATO</Filter>
    </ClCompile>
  </ItemGroup>
  <ItemGroup>
    <None Include="exports.def">
      <Filter>main</Filter>
    </None>
  </ItemGroup>
</Project>